
Microsoft Visual Studio Solution File, Format Version 12.00
# Visual Studio Version 17
VisualStudioVersion = 17.10.35122.118
MinimumVisualStudioVersion = 10.0.40219.1
Project("{FAE04EC0-301F-11D3-BF4B-00C04F79EFBC}") = "MagicVilla_VillaAPI", "MagicVilla_VillaAPI\MagicVilla_VillaAPI.csproj", "{FAFD97DD-14F3-4697-8D76-47B0515DECEF}"
EndProject
Global
	GlobalSection(SolutionConfigurationPlatforms) = preSolution
		Debug|Any CPU = Debug|Any CPU
		Release|Any CPU = Release|Any CPU
	EndGlobalSection
	GlobalSection(ProjectConfigurationPlatforms) = postSolution
		{FAFD97DD-14F3-4697-8D76-47B0515DECEF}.Debug|Any CPU.ActiveCfg = Debug|Any CPU
		{FAFD97DD-14F3-4697-8D76-47B0515DECEF}.Debug|Any CPU.Build.0 = Debug|Any CPU
		{FAFD97DD-14F3-4697-8D76-47B0515DECEF}.Release|Any CPU.ActiveCfg = Release|Any CPU
		{FAFD97DD-14F3-4697-8D76-47B0515DECEF}.Release|Any CPU.Build.0 = Release|Any CPU
	EndGlobalSection
	GlobalSection(SolutionProperties) = preSolution
		HideSolutionNode = FALSE
	EndGlobalSection
	GlobalSection(ExtensibilityGlobals) = postSolution
		SolutionGuid = {3B943394-5706-4EDE-9DF9-CE4BE535BCB5}
	EndGlobalSection
EndGlobal
